
Microsoft Visual Studio Solution File, Format Version 12.00
# Visual Studio 15
VisualStudioVersion = 15.0.27703.2047
MinimumVisualStudioVersion = 10.0.40219.1
Project("{FAE04EC0-301F-11D3-BF4B-00C04F79EFBC}") = "EventScope", "EventScope\EventScope.csproj", "{E9755AF7-8ECC-4B61-B397-5E100D754F4D}"
EndProject
Project("{FAE04EC0-301F-11D3-BF4B-00C04F79EFBC}") = "EventScope.Test", "EventScope.Test\EventScope.Test.csproj", "{19652404-8FF7-4552-8523-A7B8DF24314F}"
EndProject
Project("{FAE04EC0-301F-11D3-BF4B-00C04F79EFBC}") = "EventScope.Logging", "EventScope.Logging\EventScope.Logging.csproj", "{5357F714-D33E-4B9D-BBBC-A8B83B755FB1}"
EndProject
Project("{FAE04EC0-301F-11D3-BF4B-00C04F79EFBC}") = "EventScope.Logging.Serilog", "EventScope.Logging.Serilog\EventScope.Logging.Serilog.csproj", "{C96BC2E5-BFF0-49C1-AB0F-BB36F59B625C}"
EndProject
Global
	GlobalSection(SolutionConfigurationPlatforms) = preSolution
		Debug|Any CPU = Debug|Any CPU
		Release|Any CPU = Release|Any CPU
	EndGlobalSection
	GlobalSection(ProjectConfigurationPlatforms) = postSolution
		{E9755AF7-8ECC-4B61-B397-5E100D754F4D}.Debug|Any CPU.ActiveCfg = Debug|Any CPU
		{E9755AF7-8ECC-4B61-B397-5E100D754F4D}.Debug|Any CPU.Build.0 = Debug|Any CPU
		{E9755AF7-8ECC-4B61-B397-5E100D754F4D}.Release|Any CPU.ActiveCfg = Release|Any CPU
		{E9755AF7-8ECC-4B61-B397-5E100D754F4D}.Release|Any CPU.Build.0 = Release|Any CPU
		{19652404-8FF7-4552-8523-A7B8DF24314F}.Debug|Any CPU.ActiveCfg = Debug|Any CPU
		{19652404-8FF7-4552-8523-A7B8DF24314F}.Debug|Any CPU.Build.0 = Debug|Any CPU
		{19652404-8FF7-4552-8523-A7B8DF24314F}.Release|Any CPU.ActiveCfg = Release|Any CPU
		{19652404-8FF7-4552-8523-A7B8DF24314F}.Release|Any CPU.Build.0 = Release|Any CPU
		{5357F714-D33E-4B9D-BBBC-A8B83B755FB1}.Debug|Any CPU.ActiveCfg = Debug|Any CPU
		{5357F714-D33E-4B9D-BBBC-A8B83B755FB1}.Debug|Any CPU.Build.0 = Debug|Any CPU
		{5357F714-D33E-4B9D-BBBC-A8B83B755FB1}.Release|Any CPU.ActiveCfg = Release|Any CPU
		{5357F714-D33E-4B9D-BBBC-A8B83B755FB1}.Release|Any CPU.Build.0 = Release|Any CPU
		{C96BC2E5-BFF0-49C1-AB0F-BB36F59B625C}.Debug|Any CPU.ActiveCfg = Debug|Any CPU
		{C96BC2E5-BFF0-49C1-AB0F-BB36F59B625C}.Debug|Any CPU.Build.0 = Debug|Any CPU
		{C96BC2E5-BFF0-49C1-AB0F-BB36F59B625C}.Release|Any CPU.ActiveCfg = Release|Any CPU
		{C96BC2E5-BFF0-49C1-AB0F-BB36F59B625C}.Release|Any CPU.Build.0 = Release|Any CPU
	EndGlobalSection
	GlobalSection(SolutionProperties) = preSolution
		HideSolutionNode = FALSE
	EndGlobalSection
	GlobalSection(ExtensibilityGlobals) = postSolution
		SolutionGuid = {F98FE0E4-8DAB-41D7-A30B-FE7B41BEFC19}
	EndGlobalSection
EndGlobal
