
Microsoft Visual Studio Solution File, Format Version 12.00
# Visual Studio 15
VisualStudioVersion = 15.0.27703.2047
MinimumVisualStudioVersion = 10.0.40219.1
Project("{9A19103F-16F7-4668-BE54-9A1E7A4F7556}") = "Lognostics", "Lognostics\Lognostics.csproj", "{AB980232-2296-4942-B0C6-911C042B61F1}"
EndProject
Project("{9A19103F-16F7-4668-BE54-9A1E7A4F7556}") = "Lognostics.Serilog", "Lognostics.Serilog\Lognostics.Serilog.csproj", "{8477546A-A72B-4705-8BEE-2AFBBEFB9A74}"
EndProject
Project("{9A19103F-16F7-4668-BE54-9A1E7A4F7556}") = "Lognostics.Serilog.TestApp", "Lognostics.Serilog.TestApp\Lognostics.Serilog.TestApp.csproj", "{022D20F4-B724-422A-BDEB-9CA03EE2D5E7}"
EndProject
Global
	GlobalSection(SolutionConfigurationPlatforms) = preSolution
		Debug|Any CPU = Debug|Any CPU
		Release|Any CPU = Release|Any CPU
	EndGlobalSection
	GlobalSection(ProjectConfigurationPlatforms) = postSolution
		{AB980232-2296-4942-B0C6-911C042B61F1}.Debug|Any CPU.ActiveCfg = Debug|Any CPU
		{AB980232-2296-4942-B0C6-911C042B61F1}.Debug|Any CPU.Build.0 = Debug|Any CPU
		{AB980232-2296-4942-B0C6-911C042B61F1}.Release|Any CPU.ActiveCfg = Release|Any CPU
		{AB980232-2296-4942-B0C6-911C042B61F1}.Release|Any CPU.Build.0 = Release|Any CPU
		{8477546A-A72B-4705-8BEE-2AFBBEFB9A74}.Debug|Any CPU.ActiveCfg = Debug|Any CPU
		{8477546A-A72B-4705-8BEE-2AFBBEFB9A74}.Debug|Any CPU.Build.0 = Debug|Any CPU
		{8477546A-A72B-4705-8BEE-2AFBBEFB9A74}.Release|Any CPU.ActiveCfg = Release|Any CPU
		{8477546A-A72B-4705-8BEE-2AFBBEFB9A74}.Release|Any CPU.Build.0 = Release|Any CPU
		{022D20F4-B724-422A-BDEB-9CA03EE2D5E7}.Debug|Any CPU.ActiveCfg = Debug|Any CPU
		{022D20F4-B724-422A-BDEB-9CA03EE2D5E7}.Debug|Any CPU.Build.0 = Debug|Any CPU
		{022D20F4-B724-422A-BDEB-9CA03EE2D5E7}.Release|Any CPU.ActiveCfg = Release|Any CPU
		{022D20F4-B724-422A-BDEB-9CA03EE2D5E7}.Release|Any CPU.Build.0 = Release|Any CPU
	EndGlobalSection
	GlobalSection(SolutionProperties) = preSolution
		HideSolutionNode = FALSE
	EndGlobalSection
	GlobalSection(ExtensibilityGlobals) = postSolution
		SolutionGuid = {F98FE0E4-8DAB-41D7-A30B-FE7B41BEFC19}
	EndGlobalSection
EndGlobal
