
Microsoft Visual Studio Solution File, Format Version 12.00
# Visual Studio 15
VisualStudioVersion = 15.0.27703.2047
MinimumVisualStudioVersion = 10.0.40219.1
Project("{9A19103F-16F7-4668-BE54-9A1E7A4F7556}") = "Subliminal", "Subliminal\Subliminal.csproj", "{AB980232-2296-4942-B0C6-911C042B61F1}"
EndProject
Project("{9A19103F-16F7-4668-BE54-9A1E7A4F7556}") = "Subliminal.Serilog.TestApp", "Subliminal.Serilog.TestApp\Subliminal.Serilog.TestApp.csproj", "{022D20F4-B724-422A-BDEB-9CA03EE2D5E7}"
EndProject
Project("{6EC3EE1D-3C4E-46DD-8F32-0CC8E7565705}") = "Subliminal.Tests", "Subliminal.Tests\Subliminal.Tests.fsproj", "{3455E85D-676F-4141-BF2C-BE752B6FA151}"
EndProject
Project("{FAE04EC0-301F-11D3-BF4B-00C04F79EFBC}") = "Subliminal.Serilog", "Subliminal.Serilog\Subliminal.Serilog.csproj", "{999BA70D-1E78-47B2-B445-39CAAE311DD9}"
EndProject
Global
	GlobalSection(SolutionConfigurationPlatforms) = preSolution
		Debug|Any CPU = Debug|Any CPU
		Release|Any CPU = Release|Any CPU
	EndGlobalSection
	GlobalSection(ProjectConfigurationPlatforms) = postSolution
		{AB980232-2296-4942-B0C6-911C042B61F1}.Debug|Any CPU.ActiveCfg = Debug|Any CPU
		{AB980232-2296-4942-B0C6-911C042B61F1}.Debug|Any CPU.Build.0 = Debug|Any CPU
		{AB980232-2296-4942-B0C6-911C042B61F1}.Release|Any CPU.ActiveCfg = Release|Any CPU
		{AB980232-2296-4942-B0C6-911C042B61F1}.Release|Any CPU.Build.0 = Release|Any CPU
		{022D20F4-B724-422A-BDEB-9CA03EE2D5E7}.Debug|Any CPU.ActiveCfg = Debug|Any CPU
		{022D20F4-B724-422A-BDEB-9CA03EE2D5E7}.Debug|Any CPU.Build.0 = Debug|Any CPU
		{022D20F4-B724-422A-BDEB-9CA03EE2D5E7}.Release|Any CPU.ActiveCfg = Release|Any CPU
		{022D20F4-B724-422A-BDEB-9CA03EE2D5E7}.Release|Any CPU.Build.0 = Release|Any CPU
		{3455E85D-676F-4141-BF2C-BE752B6FA151}.Debug|Any CPU.ActiveCfg = Debug|Any CPU
		{3455E85D-676F-4141-BF2C-BE752B6FA151}.Debug|Any CPU.Build.0 = Debug|Any CPU
		{3455E85D-676F-4141-BF2C-BE752B6FA151}.Release|Any CPU.ActiveCfg = Release|Any CPU
		{3455E85D-676F-4141-BF2C-BE752B6FA151}.Release|Any CPU.Build.0 = Release|Any CPU
		{999BA70D-1E78-47B2-B445-39CAAE311DD9}.Debug|Any CPU.ActiveCfg = Debug|Any CPU
		{999BA70D-1E78-47B2-B445-39CAAE311DD9}.Debug|Any CPU.Build.0 = Debug|Any CPU
		{999BA70D-1E78-47B2-B445-39CAAE311DD9}.Release|Any CPU.ActiveCfg = Release|Any CPU
		{999BA70D-1E78-47B2-B445-39CAAE311DD9}.Release|Any CPU.Build.0 = Release|Any CPU
	EndGlobalSection
	GlobalSection(SolutionProperties) = preSolution
		HideSolutionNode = FALSE
	EndGlobalSection
	GlobalSection(ExtensibilityGlobals) = postSolution
		SolutionGuid = {F98FE0E4-8DAB-41D7-A30B-FE7B41BEFC19}
	EndGlobalSection
EndGlobal
